
Microsoft Visual Studio Solution File, Format Version 12.00
# Visual Studio Version 17
VisualStudioVersion = 17.1.32228.430
MinimumVisualStudioVersion = 10.0.40219.1
Project("{E24C65DC-7377-472B-9ABA-BC803B73C61A}") = "websiteProject2", ".", "{55739621-0B2C-41F4-85C7-33D335C675C6}"
	ProjectSection(WebsiteProperties) = preProject
		TargetFrameworkMoniker = ".NETFramework,Version%3Dv4.5"
		Debug.AspNetCompiler.VirtualPath = "/localhost_60154"
		Debug.AspNetCompiler.PhysicalPath = "..\websiteProject2\"
		Debug.AspNetCompiler.TargetPath = "PrecompiledWeb\localhost_60154\"
		Debug.AspNetCompiler.Updateable = "true"
		Debug.AspNetCompiler.ForceOverwrite = "true"
		Debug.AspNetCompiler.FixedNames = "false"
		Debug.AspNetCompiler.Debug = "True"
		Release.AspNetCompiler.VirtualPath = "/localhost_60154"
		Release.AspNetCompiler.PhysicalPath = "..\websiteProject2\"
		Release.AspNetCompiler.TargetPath = "PrecompiledWeb\localhost_60154\"
		Release.AspNetCompiler.Updateable = "true"
		Release.AspNetCompiler.ForceOverwrite = "true"
		Release.AspNetCompiler.FixedNames = "false"
		Release.AspNetCompiler.Debug = "False"
		VWDPort = "60154"
	EndProjectSection
EndProject
Global
	GlobalSection(SolutionConfigurationPlatforms) = preSolution
		Debug|Any CPU = Debug|Any CPU
	EndGlobalSection
	GlobalSection(ProjectConfigurationPlatforms) = postSolution
		{55739621-0B2C-41F4-85C7-33D335C675C6}.Debug|Any CPU.ActiveCfg = Debug|Any CPU
		{55739621-0B2C-41F4-85C7-33D335C675C6}.Debug|Any CPU.Build.0 = Debug|Any CPU
	EndGlobalSection
	GlobalSection(SolutionProperties) = preSolution
		HideSolutionNode = FALSE
	EndGlobalSection
	GlobalSection(ExtensibilityGlobals) = postSolution
		SolutionGuid = {39E20228-9D97-40EA-ACC8-8358353BEA3B}
	EndGlobalSection
EndGlobal
